
Microsoft Visual Studio Solution File, Format Version 12.00
# Visual Studio 15
VisualStudioVersion = 15.0.28307.489
MinimumVisualStudioVersion = 10.0.40219.1
Project("{8BC9CEB8-8B4A-11D0-8D11-00A0C91BC942}") = "8.8", "8.8\8.8.vcxproj", "{D5FB6B56-4E1D-4533-8AA9-1C8F42A8322F}"
EndProject
Global
	GlobalSection(SolutionConfigurationPlatforms) = preSolution
		Debug|x64 = Debug|x64
		Debug|x86 = Debug|x86
		Release|x64 = Release|x64
		Release|x86 = Release|x86
	EndGlobalSection
	GlobalSection(ProjectConfigurationPlatforms) = postSolution
		{D5FB6B56-4E1D-4533-8AA9-1C8F42A8322F}.Debug|x64.ActiveCfg = Debug|x64
		{D5FB6B56-4E1D-4533-8AA9-1C8F42A8322F}.Debug|x64.Build.0 = Debug|x64
		{D5FB6B56-4E1D-4533-8AA9-1C8F42A8322F}.Debug|x86.ActiveCfg = Debug|Win32
		{D5FB6B56-4E1D-4533-8AA9-1C8F42A8322F}.Debug|x86.Build.0 = Debug|Win32
		{D5FB6B56-4E1D-4533-8AA9-1C8F42A8322F}.Release|x64.ActiveCfg = Release|x64
		{D5FB6B56-4E1D-4533-8AA9-1C8F42A8322F}.Release|x64.Build.0 = Release|x64
		{D5FB6B56-4E1D-4533-8AA9-1C8F42A8322F}.Release|x86.ActiveCfg = Release|Win32
		{D5FB6B56-4E1D-4533-8AA9-1C8F42A8322F}.Release|x86.Build.0 = Release|Win32
	EndGlobalSection
	GlobalSection(SolutionProperties) = preSolution
		HideSolutionNode = FALSE
	EndGlobalSection
	GlobalSection(ExtensibilityGlobals) = postSolution
		SolutionGuid = {D4990E81-A90D-4753-8A2C-1B917078D6C0}
	EndGlobalSection
EndGlobal
